// !$*UTF8*$!
{
	archiveVersion = 1;
	classes = {
	};
	objectVersion = 48;
	objects = {

/* Begin PBXBuildFile section */
		F328BF0A200ECFCA009448F1 /* AppDelegate.swift in Sources */ = {isa = PBXBuildFile; fileRef = F328BF09200ECFCA009448F1 /* AppDelegate.swift */; };
		F328BF0C200ECFCA009448F1 /* ViewController.swift in Sources */ = {isa = PBXBuildFile; fileRef = F328BF0B200ECFCA009448F1 /* ViewController.swift */; };
		F328BF0F200ECFCA009448F1 /* Main.storyboard in Resources */ = {isa = PBXBuildFile; fileRef = F328BF0D200ECFCA009448F1 /* Main.storyboard */; };
		F328BF11200ECFCA009448F1 /* Assets.xcassets in Resources */ = {isa = PBXBuildFile; fileRef = F328BF10200ECFCA009448F1 /* Assets.xcassets */; };
		F328BF14200ECFCA009448F1 /* LaunchScreen.storyboard in Resources */ = {isa = PBXBuildFile; fileRef = F328BF12200ECFCA009448F1 /* LaunchScreen.storyboard */; };
		F328BF1F200ECFCA009448F1 /* HomepwnerTests.swift in Sources */ = {isa = PBXBuildFile; fileRef = F328BF1E200ECFCA009448F1 /* HomepwnerTests.swift */; };
		F328BF2A200ECFCA009448F1 /* HomepwnerUITests.swift in Sources */ = {isa = PBXBuildFile; fileRef = F328BF29200ECFCA009448F1 /* HomepwnerUITests.swift */; };
/* End PBXBuildFile section */

/* Begin PBXContainerItemProxy section */
		F328BF1B200ECFCA009448F1 /* PBXContainerItemProxy */ = {
			isa = PBXContainerItemProxy;
			containerPortal = F328BEFE200ECFCA009448F1 /* Project object */;
			proxyType = 1;
			remoteGlobalIDString = F328BF05200ECFCA009448F1;
			remoteInfo = Homepwner;
		};
		F328BF26200ECFCA009448F1 /* PBXContainerItemProxy */ = {
			isa = PBXContainerItemProxy;
			containerPortal = F328BEFE200ECFCA009448F1 /* Project object */;
			proxyType = 1;
			remoteGlobalIDString = F328BF05200ECFCA009448F1;
			remoteInfo = Homepwner;
		};
/* End PBXContainerItemProxy section */

/* Begin PBXFileReference section */
		F328BF06200ECFCA009448F1 /* Homepwner.app */ = {isa = PBXFileReference; explicitFileType = wrapper.application; includeInIndex = 0; path = Homepwner.app; sourceTree = BUILT_PRODUCTS_DIR; };
		F328BF09200ECFCA009448F1 /* AppDelegate.swift */ = {isa = PBXFileReference; lastKnownFileType = sourcecode.swift; path = AppDelegate.swift; sourceTree = "<group>"; };
		F328BF0B200ECFCA009448F1 /* ViewController.swift */ = {isa = PBXFileReference; lastKnownFileType = sourcecode.swift; path = ViewController.swift; sourceTree = "<group>"; };
		F328BF0E200ECFCA009448F1 /* Base */ = {isa = PBXFileReference; lastKnownFileType = file.storyboard; name = Base; path = Base.lproj/Main.storyboard; sourceTree = "<group>"; };
		F328BF10200ECFCA009448F1 /* Assets.xcassets */ = {isa = PBXFileReference; lastKnownFileType = folder.assetcatalog; path = Assets.xcassets; sourceTree = "<group>"; };
		F328BF13200ECFCA009448F1 /* Base */ = {isa = PBXFileReference; lastKnownFileType = file.storyboard; name = Base; path = Base.lproj/LaunchScreen.storyboard; sourceTree = "<group>"; };
		F328BF15200ECFCA009448F1 /* Info.plist */ = {isa = PBXFileReference; lastKnownFileType = text.plist.xml; path = Info.plist; sourceTree = "<group>"; };
		F328BF1A200ECFCA009448F1 /* HomepwnerTests.xctest */ = {isa = PBXFileReference; explicitFileType = wrapper.cfbundle; includeInIndex = 0; path = HomepwnerTests.xctest; sourceTree = BUILT_PRODUCTS_DIR; };
		F328BF1E200ECFCA009448F1 /* HomepwnerTests.swift */ = {isa = PBXFileReference; lastKnownFileType = sourcecode.swift; path = HomepwnerTests.swift; sourceTree = "<group>"; };
		F328BF20200ECFCA009448F1 /* Info.plist */ = {isa = PBXFileReference; lastKnownFileType = text.plist.xml; path = Info.plist; sourceTree = "<group>"; };
		F328BF25200ECFCA009448F1 /* HomepwnerUITests.xctest */ = {isa = PBXFileReference; explicitFileType = wrapper.cfbundle; includeInIndex = 0; path = HomepwnerUITests.xctest; sourceTree = BUILT_PRODUCTS_DIR; };
		F328BF29200ECFCA009448F1 /* HomepwnerUITests.swift */ = {isa = PBXFileReference; lastKnownFileType = sourcecode.swift; path = HomepwnerUITests.swift; sourceTree = "<group>"; };
		F328BF2B200ECFCA009448F1 /* Info.plist */ = {isa = PBXFileReference; lastKnownFileType = text.plist.xml; path = Info.plist; sourceTree = "<group>"; };
/* End PBXFileReference section */

/* Begin PBXFrameworksBuildPhase section */
		F328BF03200ECFCA009448F1 /* Frameworks */ = {
			isa = PBXFrameworksBuildPhase;
			buildActionMask = 2147483647;
			files = (
			);
			runOnlyForDeploymentPostprocessing = 0;
		};
		F328BF17200ECFCA009448F1 /* Frameworks */ = {
			isa = PBXFrameworksBuildPhase;
			buildActionMask = 2147483647;
			files = (
			);
			runOnlyForDeploymentPostprocessing = 0;
		};
		F328BF22200ECFCA009448F1 /* Frameworks */ = {
			isa = PBXFrameworksBuildPhase;
			buildActionMask = 2147483647;
			files = (
			);
			runOnlyForDeploymentPostprocessing = 0;
		};
/* End PBXFrameworksBuildPhase section */

/* Begin PBXGroup section */
		F328BEFD200ECFCA009448F1 = {
			isa = PBXGroup;
			children = (
				F328BF08200ECFCA009448F1 /* Homepwner */,
				F328BF1D200ECFCA009448F1 /* HomepwnerTests */,
				F328BF28200ECFCA009448F1 /* HomepwnerUITests */,
				F328BF07200ECFCA009448F1 /* Products */,
			);
			sourceTree = "<group>";
		};
		F328BF07200ECFCA009448F1 /* Products */ = {
			isa = PBXGroup;
			children = (
				F328BF06200ECFCA009448F1 /* Homepwner.app */,
				F328BF1A200ECFCA009448F1 /* HomepwnerTests.xctest */,
				F328BF25200ECFCA009448F1 /* HomepwnerUITests.xctest */,
			);
			name = Products;
			sourceTree = "<group>";
		};
		F328BF08200ECFCA009448F1 /* Homepwner */ = {
			isa = PBXGroup;
			children = (
				F328BF09200ECFCA009448F1 /* AppDelegate.swift */,
				F328BF0B200ECFCA009448F1 /* ViewController.swift */,
				F328BF0D200ECFCA009448F1 /* Main.storyboard */,
				F328BF10200ECFCA009448F1 /* Assets.xcassets */,
				F328BF12200ECFCA009448F1 /* LaunchScreen.storyboard */,
				F328BF15200ECFCA009448F1 /* Info.plist */,
			);
			path = Homepwner;
			sourceTree = "<group>";
		};
		F328BF1D200ECFCA009448F1 /* HomepwnerTests */ = {
			isa = PBXGroup;
			children = (
				F328BF1E200ECFCA009448F1 /* HomepwnerTests.swift */,
				F328BF20200ECFCA009448F1 /* Info.plist */,
			);
			path = HomepwnerTests;
			sourceTree = "<group>";
		};
		F328BF28200ECFCA009448F1 /* HomepwnerUITests */ = {
			isa = PBXGroup;
			children = (
				F328BF29200ECFCA009448F1 /* HomepwnerUITests.swift */,
				F328BF2B200ECFCA009448F1 /* Info.plist */,
			);
			path = HomepwnerUITests;
			sourceTree = "<group>";
		};
/* End PBXGroup section */

/* Begin PBXNativeTarget section */
		F328BF05200ECFCA009448F1 /* Homepwner */ = {
			isa = PBXNativeTarget;
			buildConfigurationList = F328BF2E200ECFCA009448F1 /* Build configuration list for PBXNativeTarget "Homepwner" */;
			buildPhases = (
				F328BF02200ECFCA009448F1 /* Sources */,
				F328BF03200ECFCA009448F1 /* Frameworks */,
				F328BF04200ECFCA009448F1 /* Resources */,
			);
			buildRules = (
			);
			dependencies = (
			);
			name = Homepwner;
			productName = Homepwner;
			productReference = F328BF06200ECFCA009448F1 /* Homepwner.app */;
			productType = "com.apple.product-type.application";
		};
		F328BF19200ECFCA009448F1 /* HomepwnerTests */ = {
			isa = PBXNativeTarget;
			buildConfigurationList = F328BF31200ECFCA009448F1 /* Build configuration list for PBXNativeTarget "HomepwnerTests" */;
			buildPhases = (
				F328BF16200ECFCA009448F1 /* Sources */,
				F328BF17200ECFCA009448F1 /* Frameworks */,
				F328BF18200ECFCA009448F1 /* Resources */,
			);
			buildRules = (
			);
			dependencies = (
				F328BF1C200ECFCA009448F1 /* PBXTargetDependency */,
			);
			name = HomepwnerTests;
			productName = HomepwnerTests;
			productReference = F328BF1A200ECFCA009448F1 /* HomepwnerTests.xctest */;
			productType = "com.apple.product-type.bundle.unit-test";
		};
		F328BF24200ECFCA009448F1 /* HomepwnerUITests */ = {
			isa = PBXNativeTarget;
			buildConfigurationList = F328BF34200ECFCA009448F1 /* Build configuration list for PBXNativeTarget "HomepwnerUITests" */;
			buildPhases = (
				F328BF21200ECFCA009448F1 /* Sources */,
				F328BF22200ECFCA009448F1 /* Frameworks */,
				F328BF23200ECFCA009448F1 /* Resources */,
			);
			buildRules = (
			);
			dependencies = (
				F328BF27200ECFCA009448F1 /* PBXTargetDependency */,
			);
			name = HomepwnerUITests;
			productName = HomepwnerUITests;
			productReference = F328BF25200ECFCA009448F1 /* HomepwnerUITests.xctest */;
			productType = "com.apple.product-type.bundle.ui-testing";
		};
/* End PBXNativeTarget section */

/* Begin PBXProject section */
		F328BEFE200ECFCA009448F1 /* Project object */ = {
			isa = PBXProject;
			attributes = {
				LastSwiftUpdateCheck = 0920;
				LastUpgradeCheck = 0920;
				ORGANIZATIONNAME = krobs;
				TargetAttributes = {
					F328BF05200ECFCA009448F1 = {
						CreatedOnToolsVersion = 9.2;
						ProvisioningStyle = Automatic;
					};
					F328BF19200ECFCA009448F1 = {
						CreatedOnToolsVersion = 9.2;
						ProvisioningStyle = Automatic;
						TestTargetID = F328BF05200ECFCA009448F1;
					};
					F328BF24200ECFCA009448F1 = {
						CreatedOnToolsVersion = 9.2;
						ProvisioningStyle = Automatic;
						TestTargetID = F328BF05200ECFCA009448F1;
					};
				};
			};
			buildConfigurationList = F328BF01200ECFCA009448F1 /* Build configuration list for PBXProject "Homepwner" */;
			compatibilityVersion = "Xcode 8.0";
			developmentRegion = en;
			hasScannedForEncodings = 0;
			knownRegions = (
				en,
				Base,
			);
			mainGroup = F328BEFD200ECFCA009448F1;
			productRefGroup = F328BF07200ECFCA009448F1 /* Products */;
			projectDirPath = "";
			projectRoot = "";
			targets = (
				F328BF05200ECFCA009448F1 /* Homepwner */,
				F328BF19200ECFCA009448F1 /* HomepwnerTests */,
				F328BF24200ECFCA009448F1 /* HomepwnerUITests */,
			);
		};
/* End PBXProject section */

/* Begin PBXResourcesBuildPhase section */
		F328BF04200ECFCA009448F1 /* Resources */ = {
			isa = PBXResourcesBuildPhase;
			buildActionMask = 2147483647;
			files = (
				F328BF14200ECFCA009448F1 /* LaunchScreen.storyboard in Resources */,
				F328BF11200ECFCA009448F1 /* Assets.xcassets in Resources */,
				F328BF0F200ECFCA009448F1 /* Main.storyboard in Resources */,
			);
			runOnlyForDeploymentPostprocessing = 0;
		};
		F328BF18200ECFCA009448F1 /* Resources */ = {
			isa = PBXResourcesBuildPhase;
			buildActionMask = 2147483647;
			files = (
			);
			runOnlyForDeploymentPostprocessing = 0;
		};
		F328BF23200ECFCA009448F1 /* Resources */ = {
			isa = PBXResourcesBuildPhase;
			buildActionMask = 2147483647;
			files = (
			);
			runOnlyForDeploymentPostprocessing = 0;
		};
/* End PBXResourcesBuildPhase section */

/* Begin PBXSourcesBuildPhase section */
		F328BF02200ECFCA009448F1 /* Sources */ = {
			isa = PBXSourcesBuildPhase;
			buildActionMask = 2147483647;
			files = (
				F328BF0C200ECFCA009448F1 /* ViewController.swift in Sources */,
				F328BF0A200ECFCA009448F1 /* AppDelegate.swift in Sources */,
			);
			runOnlyForDeploymentPostprocessing = 0;
		};
		F328BF16200ECFCA009448F1 /* Sources */ = {
			isa = PBXSourcesBuildPhase;
			buildActionMask = 2147483647;
			files = (
				F328BF1F200ECFCA009448F1 /* HomepwnerTests.swift in Sources */,
			);
			runOnlyForDeploymentPostprocessing = 0;
		};
		F328BF21200ECFCA009448F1 /* Sources */ = {
			isa = PBXSourcesBuildPhase;
			buildActionMask = 2147483647;
			files = (
				F328BF2A200ECFCA009448F1 /* HomepwnerUITests.swift in Sources */,
			);
			runOnlyForDeploymentPostprocessing = 0;
		};
/* End PBXSourcesBuildPhase section */

/* Begin PBXTargetDependency section */
		F328BF1C200ECFCA009448F1 /* PBXTargetDependency */ = {
			isa = PBXTargetDependency;
			target = F328BF05200ECFCA009448F1 /* Homepwner */;
			targetProxy = F328BF1B200ECFCA009448F1 /* PBXContainerItemProxy */;
		};
		F328BF27200ECFCA009448F1 /* PBXTargetDependency */ = {
			isa = PBXTargetDependency;
			target = F328BF05200ECFCA009448F1 /* Homepwner */;
			targetProxy = F328BF26200ECFCA009448F1 /* PBXContainerItemProxy */;
		};
/* End PBXTargetDependency section */

/* Begin PBXVariantGroup section */
		F328BF0D200ECFCA009448F1 /* Main.storyboard */ = {
			isa = PBXVariantGroup;
			children = (
				F328BF0E200ECFCA009448F1 /* Base */,
			);
			name = Main.storyboard;
			sourceTree = "<group>";
		};
		F328BF12200ECFCA009448F1 /* LaunchScreen.storyboard */ = {
			isa = PBXVariantGroup;
			children = (
				F328BF13200ECFCA009448F1 /* Base */,
			);
			name = LaunchScreen.storyboard;
			sourceTree = "<group>";
		};
/* End PBXVariantGroup section */

/* Begin XCBuildConfiguration section */
		F328BF2C200ECFCA009448F1 /* Debug */ = {
			isa = XCBuildConfiguration;
			buildSettings = {
				ALWAYS_SEARCH_USER_PATHS = NO;
				CLANG_ANALYZER_NONNULL = YES;
				CLANG_ANALYZER_NUMBER_OBJECT_CONVERSION = YES_AGGRESSIVE;
				CLANG_CXX_LANGUAGE_STANDARD = "gnu++14";
				CLANG_CXX_LIBRARY = "libc++";
				CLANG_ENABLE_MODULES = YES;
				CLANG_ENABLE_OBJC_ARC = YES;
				CLANG_WARN_BLOCK_CAPTURE_AUTORELEASING = YES;
				CLANG_WARN_BOOL_CONVERSION = YES;
				CLANG_WARN_COMMA = YES;
				CLANG_WARN_CONSTANT_CONVERSION = YES;
				CLANG_WARN_DIRECT_OBJC_ISA_USAGE = YES_ERROR;
				CLANG_WARN_DOCUMENTATION_COMMENTS = YES;
				CLANG_WARN_EMPTY_BODY = YES;
				CLANG_WARN_ENUM_CONVERSION = YES;
				CLANG_WARN_INFINITE_RECURSION = YES;
				CLANG_WARN_INT_CONVERSION = YES;
				CLANG_WARN_NON_LITERAL_NULL_CONVERSION = YES;
				CLANG_WARN_OBJC_LITERAL_CONVERSION = YES;
				CLANG_WARN_OBJC_ROOT_CLASS = YES_ERROR;
				CLANG_WARN_RANGE_LOOP_ANALYSIS = YES;
				CLANG_WARN_STRICT_PROTOTYPES = YES;
				CLANG_WARN_SUSPICIOUS_MOVE = YES;
				CLANG_WARN_UNGUARDED_AVAILABILITY = YES_AGGRESSIVE;
				CLANG_WARN_UNREACHABLE_CODE = YES;
				CLANG_WARN__DUPLICATE_METHOD_MATCH = YES;
				CODE_SIGN_IDENTITY = "iPhone Developer";
				COPY_PHASE_STRIP = NO;
				DEBUG_INFORMATION_FORMAT = dwarf;
				ENABLE_STRICT_OBJC_MSGSEND = YES;
				ENABLE_TESTABILITY = YES;
				GCC_C_LANGUAGE_STANDARD = gnu11;
				GCC_DYNAMIC_NO_PIC = NO;
				GCC_NO_COMMON_BLOCKS = YES;
				GCC_OPTIMIZATION_LEVEL = 0;
				GCC_PREPROCESSOR_DEFINITIONS = (
					"DEBUG=1",
					"$(inherited)",
				);
				GCC_WARN_64_TO_32_BIT_CONVERSION = YES;
				GCC_WARN_ABOUT_RETURN_TYPE = YES_ERROR;
				GCC_WARN_UNDECLARED_SELECTOR = YES;
				GCC_WARN_UNINITIALIZED_AUTOS = YES_AGGRESSIVE;
				GCC_WARN_UNUSED_FUNCTION = YES;
				GCC_WARN_UNUSED_VARIABLE = YES;
				IPHONEOS_DEPLOYMENT_TARGET = 11.2;
				MTL_ENABLE_DEBUG_INFO = YES;
				ONLY_ACTIVE_ARCH = YES;
				SDKROOT = iphoneos;
				SWIFT_ACTIVE_COMPILATION_CONDITIONS = DEBUG;
				SWIFT_OPTIMIZATION_LEVEL = "-Onone";
			};
			name = Debug;
		};
		F328BF2D200ECFCA009448F1 /* Release */ = {
			isa = XCBuildConfiguration;
			buildSettings = {
				ALWAYS_SEARCH_USER_PATHS = NO;
				CLANG_ANALYZER_NONNULL = YES;
				CLANG_ANALYZER_NUMBER_OBJECT_CONVERSION = YES_AGGRESSIVE;
				CLANG_CXX_LANGUAGE_STANDARD = "gnu++14";
				CLANG_CXX_LIBRARY = "libc++";
				CLANG_ENABLE_MODULES = YES;
				CLANG_ENABLE_OBJC_ARC = YES;
				CLANG_WARN_BLOCK_CAPTURE_AUTORELEASING = YES;
				CLANG_WARN_BOOL_CONVERSION = YES;
				CLANG_WARN_COMMA = YES;
				CLANG_WARN_CONSTANT_CONVERSION = YES;
				CLANG_WARN_DIRECT_OBJC_ISA_USAGE = YES_ERROR;
				CLANG_WARN_DOCUMENTATION_COMMENTS = YES;
				CLANG_WARN_EMPTY_BODY = YES;
				CLANG_WARN_ENUM_CONVERSION = YES;
				CLANG_WARN_INFINITE_RECURSION = YES;
				CLANG_WARN_INT_CONVERSION = YES;
				CLANG_WARN_NON_LITERAL_NULL_CONVERSION = YES;
				CLANG_WARN_OBJC_LITERAL_CONVERSION = YES;
				CLANG_WARN_OBJC_ROOT_CLASS = YES_ERROR;
				CLANG_WARN_RANGE_LOOP_ANALYSIS = YES;
				CLANG_WARN_STRICT_PROTOTYPES = YES;
				CLANG_WARN_SUSPICIOUS_MOVE = YES;
				CLANG_WARN_UNGUARDED_AVAILABILITY = YES_AGGRESSIVE;
				CLANG_WARN_UNREACHABLE_CODE = YES;
				CLANG_WARN__DUPLICATE_METHOD_MATCH = YES;
				CODE_SIGN_IDENTITY = "iPhone Developer";
				COPY_PHASE_STRIP = NO;
				DEBUG_INFORMATION_FORMAT = "dwarf-with-dsym";
				ENABLE_NS_ASSERTIONS = NO;
				ENABLE_STRICT_OBJC_MSGSEND = YES;
				GCC_C_LANGUAGE_STANDARD = gnu11;
				GCC_NO_COMMON_BLOCKS = YES;
				GCC_WARN_64_TO_32_BIT_CONVERSION = YES;
				GCC_WARN_ABOUT_RETURN_TYPE = YES_ERROR;
				GCC_WARN_UNDECLARED_SELECTOR = YES;
				GCC_WARN_UNINITIALIZED_AUTOS = YES_AGGRESSIVE;
				GCC_WARN_UNUSED_FUNCTION = YES;
				GCC_WARN_UNUSED_VARIABLE = YES;
				IPHONEOS_DEPLOYMENT_TARGET = 11.2;
				MTL_ENABLE_DEBUG_INFO = NO;
				SDKROOT = iphoneos;
				SWIFT_OPTIMIZATION_LEVEL = "-Owholemodule";
				VALIDATE_PRODUCT = YES;
			};
			name = Release;
		};
		F328BF2F200ECFCA009448F1 /* Debug */ = {
			isa = XCBuildConfiguration;
			buildSettings = {
				ASSETCATALOG_COMPILER_APPICON_NAME = AppIcon;
				CODE_SIGN_STYLE = Automatic;
				INFOPLIST_FILE = Homepwner/Info.plist;
				LD_RUNPATH_SEARCH_PATHS = "$(inherited) @executable_path/Frameworks";
				PRODUCT_BUNDLE_IDENTIFIER = me.krobinson.Homepwner;
				PRODUCT_NAME = "$(TARGET_NAME)";
				SWIFT_VERSION = 4.0;
				TARGETED_DEVICE_FAMILY = "1,2";
			};
			name = Debug;
		};
		F328BF30200ECFCA009448F1 /* Release */ = {
			isa = XCBuildConfiguration;
			buildSettings = {
				ASSETCATALOG_COMPILER_APPICON_NAME = AppIcon;
				CODE_SIGN_STYLE = Automatic;
				INFOPLIST_FILE = Homepwner/Info.plist;
				LD_RUNPATH_SEARCH_PATHS = "$(inherited) @executable_path/Frameworks";
				PRODUCT_BUNDLE_IDENTIFIER = me.krobinson.Homepwner;
				PRODUCT_NAME = "$(TARGET_NAME)";
				SWIFT_VERSION = 4.0;
				TARGETED_DEVICE_FAMILY = "1,2";
			};
			name = Release;
		};
		F328BF32200ECFCA009448F1 /* Debug */ = {
			isa = XCBuildConfiguration;
			buildSettings = {
				ALWAYS_EMBED_SWIFT_STANDARD_LIBRARIES = YES;
				BUNDLE_LOADER = "$(TEST_HOST)";
				CODE_SIGN_STYLE = Automatic;
				INFOPLIST_FILE = HomepwnerTests/Info.plist;
				LD_RUNPATH_SEARCH_PATHS = "$(inherited) @executable_path/Frameworks @loader_path/Frameworks";
				PRODUCT_BUNDLE_IDENTIFIER = me.krobinson.HomepwnerTests;
				PRODUCT_NAME = "$(TARGET_NAME)";
				SWIFT_VERSION = 4.0;
				TARGETED_DEVICE_FAMILY = "1,2";
				TEST_HOST = "$(BUILT_PRODUCTS_DIR)/Homepwner.app/Homepwner";
			};
			name = Debug;
		};
		F328BF33200ECFCA009448F1 /* Release */ = {
			isa = XCBuildConfiguration;
			buildSettings = {
				ALWAYS_EMBED_SWIFT_STANDARD_LIBRARIES = YES;
				BUNDLE_LOADER = "$(TEST_HOST)";
				CODE_SIGN_STYLE = Automatic;
				INFOPLIST_FILE = HomepwnerTests/Info.plist;
				LD_RUNPATH_SEARCH_PATHS = "$(inherited) @executable_path/Frameworks @loader_path/Frameworks";
				PRODUCT_BUNDLE_IDENTIFIER = me.krobinson.HomepwnerTests;
				PRODUCT_NAME = "$(TARGET_NAME)";
				SWIFT_VERSION = 4.0;
				TARGETED_DEVICE_FAMILY = "1,2";
				TEST_HOST = "$(BUILT_PRODUCTS_DIR)/Homepwner.app/Homepwner";
			};
			name = Release;
		};
		F328BF35200ECFCA009448F1 /* Debug */ = {
			isa = XCBuildConfiguration;
			buildSettings = {
				ALWAYS_EMBED_SWIFT_STANDARD_LIBRARIES = YES;
				CODE_SIGN_STYLE = Automatic;
				INFOPLIST_FILE = HomepwnerUITests/Info.plist;
				LD_RUNPATH_SEARCH_PATHS = "$(inherited) @executable_path/Frameworks @loader_path/Frameworks";
				PRODUCT_BUNDLE_IDENTIFIER = me.krobinson.HomepwnerUITests;
				PRODUCT_NAME = "$(TARGET_NAME)";
				SWIFT_VERSION = 4.0;
				TARGETED_DEVICE_FAMILY = "1,2";
				TEST_TARGET_NAME = Homepwner;
			};
			name = Debug;
		};
		F328BF36200ECFCA009448F1 /* Release */ = {
			isa = XCBuildConfiguration;
			buildSettings = {
				ALWAYS_EMBED_SWIFT_STANDARD_LIBRARIES = YES;
				CODE_SIGN_STYLE = Automatic;
				INFOPLIST_FILE = HomepwnerUITests/Info.plist;
				LD_RUNPATH_SEARCH_PATHS = "$(inherited) @executable_path/Frameworks @loader_path/Frameworks";
				PRODUCT_BUNDLE_IDENTIFIER = me.krobinson.HomepwnerUITests;
				PRODUCT_NAME = "$(TARGET_NAME)";
				SWIFT_VERSION = 4.0;
				TARGETED_DEVICE_FAMILY = "1,2";
				TEST_TARGET_NAME = Homepwner;
			};
			name = Release;
		};
/* End XCBuildConfiguration section */

/* Begin XCConfigurationList section */
		F328BF01200ECFCA009448F1 /* Build configuration list for PBXProject "Homepwner" */ = {
			isa = XCConfigurationList;
			buildConfigurations = (
				F328BF2C200ECFCA009448F1 /* Debug */,
				F328BF2D200ECFCA009448F1 /* Release */,
			);
			defaultConfigurationIsVisible = 0;
			defaultConfigurationName = Release;
		};
		F328BF2E200ECFCA009448F1 /* Build configuration list for PBXNativeTarget "Homepwner" */ = {
			isa = XCConfigurationList;
			buildConfigurations = (
				F328BF2F200ECFCA009448F1 /* Debug */,
				F328BF30200ECFCA009448F1 /* Release */,
			);
			defaultConfigurationIsVisible = 0;
			defaultConfigurationName = Release;
		};
		F328BF31200ECFCA009448F1 /* Build configuration list for PBXNativeTarget "HomepwnerTests" */ = {
			isa = XCConfigurationList;
			buildConfigurations = (
				F328BF32200ECFCA009448F1 /* Debug */,
				F328BF33200ECFCA009448F1 /* Release */,
			);
			defaultConfigurationIsVisible = 0;
			defaultConfigurationName = Release;
		};
		F328BF34200ECFCA009448F1 /* Build configuration list for PBXNativeTarget "HomepwnerUITests" */ = {
			isa = XCConfigurationList;
			buildConfigurations = (
				F328BF35200ECFCA009448F1 /* Debug */,
				F328BF36200ECFCA009448F1 /* Release */,
			);
			defaultConfigurationIsVisible = 0;
			defaultConfigurationName = Release;
		};
/* End XCConfigurationList section */
	};
	rootObject = F328BEFE200ECFCA009448F1 /* Project object */;
}
